Microsoft Visual Studio Solution File, Format Version 12.00
# Visual Studio Version 17
VisualStudioVersion = 17.5.2.0
MinimumVisualStudioVersion = 10.0.40219.1
Project("{FAE04EC0-301F-11D3-BF4B-00C04F79EFBC}") = "datatypes", "datatypes\datatypes.csproj", "{9699FC03-EAC9-04FB-A144-49CF767EAF8E}"
EndProject
Project("{FAE04EC0-301F-11D3-BF4B-00C04F79EFBC}") = "hello-world", "hello-world\hello-world.csproj", "{D50466AB-28F0-10B0-CE02-389B4A88C0EE}"
EndProject
Global
	GlobalSection(SolutionConfigurationPlatforms) = preSolution
		Debug|Any CPU = Debug|Any CPU
		Release|Any CPU = Release|Any CPU
	EndGlobalSection
	GlobalSection(ProjectConfigurationPlatforms) = postSolution
		{9699FC03-EAC9-04FB-A144-49CF767EAF8E}.Debug|Any CPU.ActiveCfg = Debug|Any CPU
		{9699FC03-EAC9-04FB-A144-49CF767EAF8E}.Debug|Any CPU.Build.0 = Debug|Any CPU
		{9699FC03-EAC9-04FB-A144-49CF767EAF8E}.Release|Any CPU.ActiveCfg = Release|Any CPU
		{9699FC03-EAC9-04FB-A144-49CF767EAF8E}.Release|Any CPU.Build.0 = Release|Any CPU
		{D50466AB-28F0-10B0-CE02-389B4A88C0EE}.Debug|Any CPU.ActiveCfg = Debug|Any CPU
		{D50466AB-28F0-10B0-CE02-389B4A88C0EE}.Debug|Any CPU.Build.0 = Debug|Any CPU
		{D50466AB-28F0-10B0-CE02-389B4A88C0EE}.Release|Any CPU.ActiveCfg = Release|Any CPU
		{D50466AB-28F0-10B0-CE02-389B4A88C0EE}.Release|Any CPU.Build.0 = Release|Any CPU
	EndGlobalSection
	GlobalSection(SolutionProperties) = preSolution
		HideSolutionNode = FALSE
	EndGlobalSection
	GlobalSection(ExtensibilityGlobals) = postSolution
		SolutionGuid = {20A3617E-8225-4BCA-A599-2C7B8A2D8FCC}
	EndGlobalSection
EndGlobal
